
Microsoft Visual Studio Solution File, Format Version 12.00
# Visual Studio 15
Project("{FAE04EC0-301F-11D3-BF4B-00C04F79EFBC}") = "AR_Project_2017", "AR_Project_2017.csproj", "{039E9D13-9486-0A03-BFCA-46AED4459B48}"
EndProject
Project("{FAE04EC0-301F-11D3-BF4B-00C04F79EFBC}") = "AR_Project_2017.Editor", "AR_Project_2017.Editor.csproj", "{2AB05122-2210-69EE-7B14-BD2D91A32DE2}"
EndProject
Global
	GlobalSection(SolutionConfigurationPlatforms) = preSolution
		Debug|Any CPU = Debug|Any CPU
		Release|Any CPU = Release|Any CPU
	EndGlobalSection
	GlobalSection(ProjectConfigurationPlatforms) = postSolution
		{039E9D13-9486-0A03-BFCA-46AED4459B48}.Debug|Any CPU.ActiveCfg = Debug|Any CPU
		{039E9D13-9486-0A03-BFCA-46AED4459B48}.Debug|Any CPU.Build.0 = Debug|Any CPU
		{039E9D13-9486-0A03-BFCA-46AED4459B48}.Release|Any CPU.ActiveCfg = Release|Any CPU
		{039E9D13-9486-0A03-BFCA-46AED4459B48}.Release|Any CPU.Build.0 = Release|Any CPU
		{2AB05122-2210-69EE-7B14-BD2D91A32DE2}.Debug|Any CPU.ActiveCfg = Debug|Any CPU
		{2AB05122-2210-69EE-7B14-BD2D91A32DE2}.Debug|Any CPU.Build.0 = Debug|Any CPU
		{2AB05122-2210-69EE-7B14-BD2D91A32DE2}.Release|Any CPU.ActiveCfg = Release|Any CPU
		{2AB05122-2210-69EE-7B14-BD2D91A32DE2}.Release|Any CPU.Build.0 = Release|Any CPU
	EndGlobalSection
	GlobalSection(SolutionProperties) = preSolution
		HideSolutionNode = FALSE
	EndGlobalSection
EndGlobal
